
Microsoft Visual Studio Solution File, Format Version 12.00
# Visual Studio Version 16
VisualStudioVersion = 16.0.29201.188
MinimumVisualStudioVersion = 10.0.40219.1
Project("{888888A0-9F3D-457C-B088-3A5042F75D52}") = "MyInvMap", "MyInvMap.pyproj", "{3B311B01-F3B9-4E1F-B7AC-549163BCC6DC}"
EndProject
Global
	GlobalSection(SolutionConfigurationPlatforms) = preSolution
		Debug|Any CPU = Debug|Any CPU
		Release|Any CPU = Release|Any CPU
	EndGlobalSection
	GlobalSection(ProjectConfigurationPlatforms) = postSolution
		{3B311B01-F3B9-4E1F-B7AC-549163BCC6DC}.Debug|Any CPU.ActiveCfg = Debug|Any CPU
		{3B311B01-F3B9-4E1F-B7AC-549163BCC6DC}.Debug|Any CPU.Build.0 = Debug|Any CPU
		{3B311B01-F3B9-4E1F-B7AC-549163BCC6DC}.Release|Any CPU.ActiveCfg = Release|Any CPU
		{3B311B01-F3B9-4E1F-B7AC-549163BCC6DC}.Release|Any CPU.Build.0 = Release|Any CPU
	EndGlobalSection
	GlobalSection(SolutionProperties) = preSolution
		HideSolutionNode = FALSE
	EndGlobalSection
	GlobalSection(ExtensibilityGlobals) = postSolution
		SolutionGuid = {910C4200-DDA3-4798-A596-5B72A65AD737}
	EndGlobalSection
EndGlobal
